{
  "name": "worklog-ultra-desktop",
  "version": "0.3.0",
  "lockfileVersion": 3,
  "requires": true,
  "packages": {
    "": {
      "name": "worklog-ultra-desktop",
      "version": "0.3.0",
      "dependencies": {
        "worklog-desktop-runtime": "file:runtime"
      }
    },
    "node_modules/worklog-desktop-runtime": {
      "resolved": "runtime",
      "link": true
    },
    "runtime": {
      "name": "worklog-desktop-runtime",
      "version": "1.0.2"
    }
  }
}
